
Microsoft Visual Studio Solution File, Format Version 12.00
# Visual Studio Version 16
VisualStudioVersion = 25.0.1704.1
MinimumVisualStudioVersion = 10.0.40219.1
Project("{FAE04EC0-301F-11D3-BF4B-00C04F79EFBC}") = "Diff.Api", "src\Diff.Api\Diff.Api.csproj", "{33E3101A-72D4-4C84-8956-B3F963218813}"
EndProject
Project("{FAE04EC0-301F-11D3-BF4B-00C04F79EFBC}") = "Diff.ApplicationCore", "src\Diff.ApplicationCore\Diff.ApplicationCore.csproj", "{A7B1FEB0-96CA-47BD-A519-3721A7807B06}"
EndProject
Project("{FAE04EC0-301F-11D3-BF4B-00C04F79EFBC}") = "Diff.Infrastructure", "src\Diff.Infrastructure\Diff.Infrastructure.csproj", "{D1F615C8-9B4D-4FA7-9376-C4303D658C28}"
EndProject
Project("{FAE04EC0-301F-11D3-BF4B-00C04F79EFBC}") = "Diff.Helpers.AutoData", "tests\Helpers\Diff.Helpers.AutoData\Diff.Helpers.AutoData.csproj", "{9509B30C-FEB4-41B0-A1BC-ED18A976604F}"
EndProject
Project("{2150E333-8FDC-42A3-9474-1A3956D46DE8}") = "src", "src", "{4D9E96C3-3049-4364-BD83-DABD7F0BFDA9}"
EndProject
Project("{2150E333-8FDC-42A3-9474-1A3956D46DE8}") = "tests", "tests", "{06A4B545-0E87-4742-9133-6CA8430D149D}"
EndProject
Project("{2150E333-8FDC-42A3-9474-1A3956D46DE8}") = "Helpers", "Helpers", "{F7944309-0497-4275-BD15-277AF9DF4948}"
EndProject
Project("{2150E333-8FDC-42A3-9474-1A3956D46DE8}") = "UnityTests", "UnityTests", "{D0A3F500-C7A5-4999-B4C1-96A3382DBA9D}"
EndProject
Project("{2150E333-8FDC-42A3-9474-1A3956D46DE8}") = "IntegrationTests", "IntegrationTests", "{BFC3F4FC-3D47-4084-B2A0-87426F1E106E}"
EndProject
Project("{FAE04EC0-301F-11D3-BF4B-00C04F79EFBC}") = "Diff.Api.UnityTests", "tests\UnityTests\Diff.Api.UnityTests\Diff.Api.UnityTests.csproj", "{3ECBBFC8-21EB-4768-AE44-9E34A466CB8A}"
EndProject
Project("{FAE04EC0-301F-11D3-BF4B-00C04F79EFBC}") = "Diff.ApplicationCore.UnityTests", "tests\UnityTests\Diff.ApplicationCore.UnityTests\Diff.ApplicationCore.UnityTests.csproj", "{7499A207-7FD8-4F14-A9E5-C3A01318A17F}"
EndProject
Project("{FAE04EC0-301F-11D3-BF4B-00C04F79EFBC}") = "Diff.Infrastructure.UnityTests", "tests\UnityTests\Diff.Infrastructure.UnityTests\Diff.Infrastructure.UnityTests.csproj", "{726E18B5-9849-4DD2-AB25-DB952C8E03F9}"
EndProject
Project("{FAE04EC0-301F-11D3-BF4B-00C04F79EFBC}") = "Diff.Api.IntegrationTests", "tests\IntegrationTests\Diff.Api.IntegrationTests\Diff.Api.IntegrationTests.csproj", "{75449A1B-1ACE-4DE6-93E1-199D4AE5D226}"
EndProject
Global
	GlobalSection(SolutionConfigurationPlatforms) = preSolution
		Debug|Any CPU = Debug|Any CPU
		Release|Any CPU = Release|Any CPU
	EndGlobalSection
	GlobalSection(ProjectConfigurationPlatforms) = postSolution
		{33E3101A-72D4-4C84-8956-B3F963218813}.Debug|Any CPU.ActiveCfg = Debug|Any CPU
		{33E3101A-72D4-4C84-8956-B3F963218813}.Debug|Any CPU.Build.0 = Debug|Any CPU
		{33E3101A-72D4-4C84-8956-B3F963218813}.Release|Any CPU.ActiveCfg = Release|Any CPU
		{33E3101A-72D4-4C84-8956-B3F963218813}.Release|Any CPU.Build.0 = Release|Any CPU
		{A7B1FEB0-96CA-47BD-A519-3721A7807B06}.Debug|Any CPU.ActiveCfg = Debug|Any CPU
		{A7B1FEB0-96CA-47BD-A519-3721A7807B06}.Debug|Any CPU.Build.0 = Debug|Any CPU
		{A7B1FEB0-96CA-47BD-A519-3721A7807B06}.Release|Any CPU.ActiveCfg = Release|Any CPU
		{A7B1FEB0-96CA-47BD-A519-3721A7807B06}.Release|Any CPU.Build.0 = Release|Any CPU
		{D1F615C8-9B4D-4FA7-9376-C4303D658C28}.Debug|Any CPU.ActiveCfg = Debug|Any CPU
		{D1F615C8-9B4D-4FA7-9376-C4303D658C28}.Debug|Any CPU.Build.0 = Debug|Any CPU
		{D1F615C8-9B4D-4FA7-9376-C4303D658C28}.Release|Any CPU.ActiveCfg = Release|Any CPU
		{D1F615C8-9B4D-4FA7-9376-C4303D658C28}.Release|Any CPU.Build.0 = Release|Any CPU
		{9509B30C-FEB4-41B0-A1BC-ED18A976604F}.Debug|Any CPU.ActiveCfg = Debug|Any CPU
		{9509B30C-FEB4-41B0-A1BC-ED18A976604F}.Debug|Any CPU.Build.0 = Debug|Any CPU
		{9509B30C-FEB4-41B0-A1BC-ED18A976604F}.Release|Any CPU.ActiveCfg = Release|Any CPU
		{9509B30C-FEB4-41B0-A1BC-ED18A976604F}.Release|Any CPU.Build.0 = Release|Any CPU
		{3ECBBFC8-21EB-4768-AE44-9E34A466CB8A}.Debug|Any CPU.ActiveCfg = Debug|Any CPU
		{3ECBBFC8-21EB-4768-AE44-9E34A466CB8A}.Debug|Any CPU.Build.0 = Debug|Any CPU
		{3ECBBFC8-21EB-4768-AE44-9E34A466CB8A}.Release|Any CPU.ActiveCfg = Release|Any CPU
		{3ECBBFC8-21EB-4768-AE44-9E34A466CB8A}.Release|Any CPU.Build.0 = Release|Any CPU
		{7499A207-7FD8-4F14-A9E5-C3A01318A17F}.Debug|Any CPU.ActiveCfg = Debug|Any CPU
		{7499A207-7FD8-4F14-A9E5-C3A01318A17F}.Debug|Any CPU.Build.0 = Debug|Any CPU
		{7499A207-7FD8-4F14-A9E5-C3A01318A17F}.Release|Any CPU.ActiveCfg = Release|Any CPU
		{7499A207-7FD8-4F14-A9E5-C3A01318A17F}.Release|Any CPU.Build.0 = Release|Any CPU
		{726E18B5-9849-4DD2-AB25-DB952C8E03F9}.Debug|Any CPU.ActiveCfg = Debug|Any CPU
		{726E18B5-9849-4DD2-AB25-DB952C8E03F9}.Debug|Any CPU.Build.0 = Debug|Any CPU
		{726E18B5-9849-4DD2-AB25-DB952C8E03F9}.Release|Any CPU.ActiveCfg = Release|Any CPU
		{726E18B5-9849-4DD2-AB25-DB952C8E03F9}.Release|Any CPU.Build.0 = Release|Any CPU
		{75449A1B-1ACE-4DE6-93E1-199D4AE5D226}.Debug|Any CPU.ActiveCfg = Debug|Any CPU
		{75449A1B-1ACE-4DE6-93E1-199D4AE5D226}.Debug|Any CPU.Build.0 = Debug|Any CPU
		{75449A1B-1ACE-4DE6-93E1-199D4AE5D226}.Release|Any CPU.ActiveCfg = Release|Any CPU
		{75449A1B-1ACE-4DE6-93E1-199D4AE5D226}.Release|Any CPU.Build.0 = Release|Any CPU
	EndGlobalSection
	GlobalSection(SolutionProperties) = preSolution
		HideSolutionNode = FALSE
	EndGlobalSection
	GlobalSection(ExtensibilityGlobals) = postSolution
		SolutionGuid = {1308C733-DD3F-4B88-8516-2BB377B04331}
	EndGlobalSection
	GlobalSection(NestedProjects) = preSolution
		{33E3101A-72D4-4C84-8956-B3F963218813} = {4D9E96C3-3049-4364-BD83-DABD7F0BFDA9}
		{A7B1FEB0-96CA-47BD-A519-3721A7807B06} = {4D9E96C3-3049-4364-BD83-DABD7F0BFDA9}
		{D1F615C8-9B4D-4FA7-9376-C4303D658C28} = {4D9E96C3-3049-4364-BD83-DABD7F0BFDA9}
		{9509B30C-FEB4-41B0-A1BC-ED18A976604F} = {F7944309-0497-4275-BD15-277AF9DF4948}
		{F7944309-0497-4275-BD15-277AF9DF4948} = {06A4B545-0E87-4742-9133-6CA8430D149D}
		{D0A3F500-C7A5-4999-B4C1-96A3382DBA9D} = {06A4B545-0E87-4742-9133-6CA8430D149D}
		{BFC3F4FC-3D47-4084-B2A0-87426F1E106E} = {06A4B545-0E87-4742-9133-6CA8430D149D}
		{3ECBBFC8-21EB-4768-AE44-9E34A466CB8A} = {D0A3F500-C7A5-4999-B4C1-96A3382DBA9D}
		{7499A207-7FD8-4F14-A9E5-C3A01318A17F} = {D0A3F500-C7A5-4999-B4C1-96A3382DBA9D}
		{726E18B5-9849-4DD2-AB25-DB952C8E03F9} = {D0A3F500-C7A5-4999-B4C1-96A3382DBA9D}
		{75449A1B-1ACE-4DE6-93E1-199D4AE5D226} = {BFC3F4FC-3D47-4084-B2A0-87426F1E106E}
	EndGlobalSection
EndGlobal
